{
  "name": "prog4_projeto",
  "version": "1.0.0",
  "lockfileVersion": 3,
  "requires": true,
  "packages": {
    "": {
      "name": "prog4_projeto",
      "version": "1.0.0",
      "license": "ISC"
    }
  },
  "// Este arquivo é inútil na raiz do projeto principal se você já tem package-lock.json dentro de backend/ e frontend/.": null
}
